
Microsoft Visual Studio Solution File, Format Version 12.00
# Visual Studio Version 17
VisualStudioVersion = 17.1.32210.238
MinimumVisualStudioVersion = 10.0.40219.1
Project("{9A19103F-16F7-4668-BE54-9A1E7A4F7556}") = "LibPngDotNet", "LibPngDotNet\LibPngDotNet.csproj", "{B0499391-26E8-4D2E-B782-32F4C0FDD1C1}"
EndProject
Project("{FAE04EC0-301F-11D3-BF4B-00C04F79EFBC}") = "LibPngDotNetTests", "LibPngDotNetTests\LibPngDotNetTests.csproj", "{53534F53-7157-4653-9D64-2D9EE5C004AA}"
EndProject
Global
	GlobalSection(SolutionConfigurationPlatforms) = preSolution
		Debug|Any CPU = Debug|Any CPU
		Release|Any CPU = Release|Any CPU
	EndGlobalSection
	GlobalSection(ProjectConfigurationPlatforms) = postSolution
		{B0499391-26E8-4D2E-B782-32F4C0FDD1C1}.Debug|Any CPU.ActiveCfg = Debug|Any CPU
		{B0499391-26E8-4D2E-B782-32F4C0FDD1C1}.Debug|Any CPU.Build.0 = Debug|Any CPU
		{B0499391-26E8-4D2E-B782-32F4C0FDD1C1}.Release|Any CPU.ActiveCfg = Release|Any CPU
		{B0499391-26E8-4D2E-B782-32F4C0FDD1C1}.Release|Any CPU.Build.0 = Release|Any CPU
		{53534F53-7157-4653-9D64-2D9EE5C004AA}.Debug|Any CPU.ActiveCfg = Debug|Any CPU
		{53534F53-7157-4653-9D64-2D9EE5C004AA}.Debug|Any CPU.Build.0 = Debug|Any CPU
		{53534F53-7157-4653-9D64-2D9EE5C004AA}.Release|Any CPU.ActiveCfg = Release|Any CPU
		{53534F53-7157-4653-9D64-2D9EE5C004AA}.Release|Any CPU.Build.0 = Release|Any CPU
	EndGlobalSection
	GlobalSection(SolutionProperties) = preSolution
		HideSolutionNode = FALSE
	EndGlobalSection
	GlobalSection(ExtensibilityGlobals) = postSolution
		SolutionGuid = {E5DE3483-BC9A-4B9D-BEAF-E71D1B6A2F0A}
	EndGlobalSection
EndGlobal
